
Microsoft Visual Studio Solution File, Format Version 12.00
# Visual Studio Version 17
VisualStudioVersion = 17.4.33213.308
MinimumVisualStudioVersion = 10.0.40219.1
Project("{FAE04EC0-301F-11D3-BF4B-00C04F79EFBC}") = "OrleansHelloWorld", "OrleansHelloWorld\OrleansHelloWorld.csproj", "{DE550D0C-F534-4FAF-BDA2-240F94DA3595}"
EndProject
Project("{FAE04EC0-301F-11D3-BF4B-00C04F79EFBC}") = "Silo", "Silo\Silo.csproj", "{FE98FCBA-85BD-44E3-996C-092E8F4A04D0}"
EndProject
Project("{FAE04EC0-301F-11D3-BF4B-00C04F79EFBC}") = "Client", "Client\Client.csproj", "{D8CB644E-155B-4953-AFD7-FFA28DF3FDB8}"
EndProject
Project("{FAE04EC0-301F-11D3-BF4B-00C04F79EFBC}") = "Grains", "Grains\Grains.csproj", "{8B4DB372-1263-451D-9968-748CB73F6960}"
EndProject
Project("{FAE04EC0-301F-11D3-BF4B-00C04F79EFBC}") = "GrainInterfaces", "GrainInterfaces\GrainInterfaces.csproj", "{63A640AB-767C-4542-94A8-4803EC050BA2}"
EndProject
Global
	GlobalSection(SolutionConfigurationPlatforms) = preSolution
		Debug|Any CPU = Debug|Any CPU
		Release|Any CPU = Release|Any CPU
	EndGlobalSection
	GlobalSection(ProjectConfigurationPlatforms) = postSolution
		{DE550D0C-F534-4FAF-BDA2-240F94DA3595}.Debug|Any CPU.ActiveCfg = Debug|Any CPU
		{DE550D0C-F534-4FAF-BDA2-240F94DA3595}.Debug|Any CPU.Build.0 = Debug|Any CPU
		{DE550D0C-F534-4FAF-BDA2-240F94DA3595}.Release|Any CPU.ActiveCfg = Release|Any CPU
		{DE550D0C-F534-4FAF-BDA2-240F94DA3595}.Release|Any CPU.Build.0 = Release|Any CPU
		{FE98FCBA-85BD-44E3-996C-092E8F4A04D0}.Debug|Any CPU.ActiveCfg = Debug|Any CPU
		{FE98FCBA-85BD-44E3-996C-092E8F4A04D0}.Debug|Any CPU.Build.0 = Debug|Any CPU
		{FE98FCBA-85BD-44E3-996C-092E8F4A04D0}.Release|Any CPU.ActiveCfg = Release|Any CPU
		{FE98FCBA-85BD-44E3-996C-092E8F4A04D0}.Release|Any CPU.Build.0 = Release|Any CPU
		{D8CB644E-155B-4953-AFD7-FFA28DF3FDB8}.Debug|Any CPU.ActiveCfg = Debug|Any CPU
		{D8CB644E-155B-4953-AFD7-FFA28DF3FDB8}.Debug|Any CPU.Build.0 = Debug|Any CPU
		{D8CB644E-155B-4953-AFD7-FFA28DF3FDB8}.Release|Any CPU.ActiveCfg = Release|Any CPU
		{D8CB644E-155B-4953-AFD7-FFA28DF3FDB8}.Release|Any CPU.Build.0 = Release|Any CPU
		{8B4DB372-1263-451D-9968-748CB73F6960}.Debug|Any CPU.ActiveCfg = Debug|Any CPU
		{8B4DB372-1263-451D-9968-748CB73F6960}.Debug|Any CPU.Build.0 = Debug|Any CPU
		{8B4DB372-1263-451D-9968-748CB73F6960}.Release|Any CPU.ActiveCfg = Release|Any CPU
		{8B4DB372-1263-451D-9968-748CB73F6960}.Release|Any CPU.Build.0 = Release|Any CPU
		{63A640AB-767C-4542-94A8-4803EC050BA2}.Debug|Any CPU.ActiveCfg = Debug|Any CPU
		{63A640AB-767C-4542-94A8-4803EC050BA2}.Debug|Any CPU.Build.0 = Debug|Any CPU
		{63A640AB-767C-4542-94A8-4803EC050BA2}.Release|Any CPU.ActiveCfg = Release|Any CPU
		{63A640AB-767C-4542-94A8-4803EC050BA2}.Release|Any CPU.Build.0 = Release|Any CPU
	EndGlobalSection
	GlobalSection(SolutionProperties) = preSolution
		HideSolutionNode = FALSE
	EndGlobalSection
	GlobalSection(ExtensibilityGlobals) = postSolution
		SolutionGuid = {FE3DF91A-B18F-4310-B438-E8AA20702AFC}
	EndGlobalSection
EndGlobal
